// !$*UTF8*$!
{
	archiveVersion = 1;
	classes = {
	};
	objectVersion = 46;
	objects = {

/* Begin PBXBuildFile section */
		F513D9B51E8E5526003C414F /* SceneAddViewController.m in Sources */ = {isa = PBXBuildFile; fileRef = F513D9B41E8E5526003C414F /* SceneAddViewController.m */; };
		F513D9BB1E8F9F3F003C414F /* FBFootView.m in Sources */ = {isa = PBXBuildFile; fileRef = F513D9BA1E8F9F3F003C414F /* FBFootView.m */; };
		F513D9BE1E8FA4FF003C414F /* UIColor+Extension.m in Sources */ = {isa = PBXBuildFile; fileRef = F513D9BD1E8FA4FF003C414F /* UIColor+Extension.m */; };
		F5FE8BE01E8B532A009DAA0C /* main.m in Sources */ = {isa = PBXBuildFile; fileRef = F5FE8BDF1E8B532A009DAA0C /* main.m */; };
		F5FE8BE31E8B532A009DAA0C /* AppDelegate.m in Sources */ = {isa = PBXBuildFile; fileRef = F5FE8BE21E8B532A009DAA0C /* AppDelegate.m */; };
		F5FE8BE61E8B532A009DAA0C /* ViewController.m in Sources */ = {isa = PBXBuildFile; fileRef = F5FE8BE51E8B532A009DAA0C /* ViewController.m */; };
		F5FE8BE91E8B532A009DAA0C /* Main.storyboard in Resources */ = {isa = PBXBuildFile; fileRef = F5FE8BE71E8B532A009DAA0C /* Main.storyboard */; };
		F5FE8BEB1E8B532A009DAA0C /* Assets.xcassets in Resources */ = {isa = PBXBuildFile; fileRef = F5FE8BEA1E8B532A009DAA0C /* Assets.xcassets */; };
		F5FE8BEE1E8B532A009DAA0C /* LaunchScreen.storyboard in Resources */ = {isa = PBXBuildFile; fileRef = F5FE8BEC1E8B532A009DAA0C /* LaunchScreen.storyboard */; };
		F5FE8BF81E8B5459009DAA0C /* ImageRegulatorViewController.m in Sources */ = {isa = PBXBuildFile; fileRef = F5FE8BF71E8B5459009DAA0C /* ImageRegulatorViewController.m */; };
		F5FE8BFE1E8B5BCA009DAA0C /* Helper.m in Sources */ = {isa = PBXBuildFile; fileRef = F5FE8BFD1E8B5BCA009DAA0C /* Helper.m */; };
		F5FE8C021E8B6657009DAA0C /* PhotoAlbumsView.m in Sources */ = {isa = PBXBuildFile; fileRef = F5FE8C011E8B6657009DAA0C /* PhotoAlbumsView.m */; };
		F5FE8C051E8B9400009DAA0C /* PhotoAlbumsTableViewCell.m in Sources */ = {isa = PBXBuildFile; fileRef = F5FE8C041E8B9400009DAA0C /* PhotoAlbumsTableViewCell.m */; };
		F5FE8C071E8B9639009DAA0C /* Masonry in Resources */ = {isa = PBXBuildFile; fileRef = F5FE8C061E8B9639009DAA0C /* Masonry */; };
		F5FE8C0B1E8BA2C5009DAA0C /* PhotoModel.m in Sources */ = {isa = PBXBuildFile; fileRef = F5FE8C0A1E8BA2C5009DAA0C /* PhotoModel.m */; };
		F5FE8C0E1E8BC308009DAA0C /* CameraView.m in Sources */ = {isa = PBXBuildFile; fileRef = F5FE8C0D1E8BC308009DAA0C /* CameraView.m */; };
/* End PBXBuildFile section */

/* Begin PBXFileReference section */
		F513D9B31E8E5526003C414F /* SceneAddViewController.h */ = {isa = PBXFileReference; fileEncoding = 4; lastKnownFileType = sourcecode.c.h; path = SceneAddViewController.h; sourceTree = "<group>"; };
		F513D9B41E8E5526003C414F /* SceneAddViewController.m */ = {isa = PBXFileReference; fileEncoding = 4; lastKnownFileType = sourcecode.c.objc; path = SceneAddViewController.m; sourceTree = "<group>"; };
		F513D9B91E8F9F3F003C414F /* FBFootView.h */ = {isa = PBXFileReference; fileEncoding = 4; lastKnownFileType = sourcecode.c.h; path = FBFootView.h; sourceTree = "<group>"; };
		F513D9BA1E8F9F3F003C414F /* FBFootView.m */ = {isa = PBXFileReference; fileEncoding = 4; lastKnownFileType = sourcecode.c.objc; path = FBFootView.m; sourceTree = "<group>"; };
		F513D9BC1E8FA4FF003C414F /* UIColor+Extension.h */ = {isa = PBXFileReference; fileEncoding = 4; lastKnownFileType = sourcecode.c.h; path = "UIColor+Extension.h"; sourceTree = "<group>"; };
		F513D9BD1E8FA4FF003C414F /* UIColor+Extension.m */ = {isa = PBXFileReference; fileEncoding = 4; lastKnownFileType = sourcecode.c.objc; path = "UIColor+Extension.m"; sourceTree = "<group>"; };
		F5FE8BDB1E8B532A009DAA0C /* ImageRegulator.app */ = {isa = PBXFileReference; explicitFileType = wrapper.application; includeInIndex = 0; path = ImageRegulator.app; sourceTree = BUILT_PRODUCTS_DIR; };
		F5FE8BDF1E8B532A009DAA0C /* main.m */ = {isa = PBXFileReference; lastKnownFileType = sourcecode.c.objc; path = main.m; sourceTree = "<group>"; };
		F5FE8BE11E8B532A009DAA0C /* AppDelegate.h */ = {isa = PBXFileReference; lastKnownFileType = sourcecode.c.h; path = AppDelegate.h; sourceTree = "<group>"; };
		F5FE8BE21E8B532A009DAA0C /* AppDelegate.m */ = {isa = PBXFileReference; lastKnownFileType = sourcecode.c.objc; path = AppDelegate.m; sourceTree = "<group>"; };
		F5FE8BE41E8B532A009DAA0C /* ViewController.h */ = {isa = PBXFileReference; lastKnownFileType = sourcecode.c.h; path = ViewController.h; sourceTree = "<group>"; };
		F5FE8BE51E8B532A009DAA0C /* ViewController.m */ = {isa = PBXFileReference; lastKnownFileType = sourcecode.c.objc; path = ViewController.m; sourceTree = "<group>"; };
		F5FE8BE81E8B532A009DAA0C /* Base */ = {isa = PBXFileReference; lastKnownFileType = file.storyboard; name = Base; path = Base.lproj/Main.storyboard; sourceTree = "<group>"; };
		F5FE8BEA1E8B532A009DAA0C /* Assets.xcassets */ = {isa = PBXFileReference; lastKnownFileType = folder.assetcatalog; path = Assets.xcassets; sourceTree = "<group>"; };
		F5FE8BED1E8B532A009DAA0C /* Base */ = {isa = PBXFileReference; lastKnownFileType = file.storyboard; name = Base; path = Base.lproj/LaunchScreen.storyboard; sourceTree = "<group>"; };
		F5FE8BEF1E8B532A009DAA0C /* Info.plist */ = {isa = PBXFileReference; lastKnownFileType = text.plist.xml; path = Info.plist; sourceTree = "<group>"; };
		F5FE8BF61E8B5459009DAA0C /* ImageRegulatorViewController.h */ = {isa = PBXFileReference; fileEncoding = 4; lastKnownFileType = sourcecode.c.h; path = ImageRegulatorViewController.h; sourceTree = "<group>"; };
		F5FE8BF71E8B5459009DAA0C /* ImageRegulatorViewController.m */ = {isa = PBXFileReference; fileEncoding = 4; lastKnownFileType = sourcecode.c.objc; path = ImageRegulatorViewController.m; sourceTree = "<group>"; };
		F5FE8BFC1E8B5BCA009DAA0C /* Helper.h */ = {isa = PBXFileReference; fileEncoding = 4; lastKnownFileType = sourcecode.c.h; path = Helper.h; sourceTree = "<group>"; };
		F5FE8BFD1E8B5BCA009DAA0C /* Helper.m */ = {isa = PBXFileReference; fileEncoding = 4; lastKnownFileType = sourcecode.c.objc; path = Helper.m; sourceTree = "<group>"; };
		F5FE8C001E8B6657009DAA0C /* PhotoAlbumsView.h */ = {isa = PBXFileReference; fileEncoding = 4; lastKnownFileType = sourcecode.c.h; path = PhotoAlbumsView.h; sourceTree = "<group>"; };
		F5FE8C011E8B6657009DAA0C /* PhotoAlbumsView.m */ = {isa = PBXFileReference; fileEncoding = 4; lastKnownFileType = sourcecode.c.objc; path = PhotoAlbumsView.m; sourceTree = "<group>"; };
		F5FE8C031E8B9400009DAA0C /* PhotoAlbumsTableViewCell.h */ = {isa = PBXFileReference; fileEncoding = 4; lastKnownFileType = sourcecode.c.h; path = PhotoAlbumsTableViewCell.h; sourceTree = "<group>"; };
		F5FE8C041E8B9400009DAA0C /* PhotoAlbumsTableViewCell.m */ = {isa = PBXFileReference; fileEncoding = 4; lastKnownFileType = sourcecode.c.objc; path = PhotoAlbumsTableViewCell.m; sourceTree = "<group>"; };
		F5FE8C061E8B9639009DAA0C /* Masonry */ = {isa = PBXFileReference; lastKnownFileType = folder; path = Masonry; sourceTree = "<group>"; };
		F5FE8C091E8BA2C5009DAA0C /* PhotoModel.h */ = {isa = PBXFileReference; fileEncoding = 4; lastKnownFileType = sourcecode.c.h; path = PhotoModel.h; sourceTree = "<group>"; };
		F5FE8C0A1E8BA2C5009DAA0C /* PhotoModel.m */ = {isa = PBXFileReference; fileEncoding = 4; lastKnownFileType = sourcecode.c.objc; path = PhotoModel.m; sourceTree = "<group>"; };
		F5FE8C0C1E8BC308009DAA0C /* CameraView.h */ = {isa = PBXFileReference; fileEncoding = 4; lastKnownFileType = sourcecode.c.h; path = CameraView.h; sourceTree = "<group>"; };
		F5FE8C0D1E8BC308009DAA0C /* CameraView.m */ = {isa = PBXFileReference; fileEncoding = 4; lastKnownFileType = sourcecode.c.objc; path = CameraView.m; sourceTree = "<group>"; };
/* End PBXFileReference section */

/* Begin PBXFrameworksBuildPhase section */
		F5FE8BD81E8B532A009DAA0C /* Frameworks */ = {
			isa = PBXFrameworksBuildPhase;
			buildActionMask = 2147483647;
			files = (
			);
			runOnlyForDeploymentPostprocessing = 0;
		};
/* End PBXFrameworksBuildPhase section */

/* Begin PBXGroup section */
		F513D9B21E8E5501003C414F /* Controller */ = {
			isa = PBXGroup;
			children = (
				F5FE8BF61E8B5459009DAA0C /* ImageRegulatorViewController.h */,
				F5FE8BF71E8B5459009DAA0C /* ImageRegulatorViewController.m */,
				F513D9B31E8E5526003C414F /* SceneAddViewController.h */,
				F513D9B41E8E5526003C414F /* SceneAddViewController.m */,
			);
			name = Controller;
			sourceTree = "<group>";
		};
		F5FE8BD21E8B532A009DAA0C = {
			isa = PBXGroup;
			children = (
				F5FE8BDD1E8B532A009DAA0C /* ImageRegulator */,
				F5FE8BDC1E8B532A009DAA0C /* Products */,
			);
			sourceTree = "<group>";
		};
		F5FE8BDC1E8B532A009DAA0C /* Products */ = {
			isa = PBXGroup;
			children = (
				F5FE8BDB1E8B532A009DAA0C /* ImageRegulator.app */,
			);
			name = Products;
			sourceTree = "<group>";
		};
		F5FE8BDD1E8B532A009DAA0C /* ImageRegulator */ = {
			isa = PBXGroup;
			children = (
				F513D9BC1E8FA4FF003C414F /* UIColor+Extension.h */,
				F513D9BD1E8FA4FF003C414F /* UIColor+Extension.m */,
				F5FE8C061E8B9639009DAA0C /* Masonry */,
				F5FE8BFC1E8B5BCA009DAA0C /* Helper.h */,
				F5FE8BFD1E8B5BCA009DAA0C /* Helper.m */,
				F5FE8BF51E8B5426009DAA0C /* ImageRegulator */,
				F5FE8BE11E8B532A009DAA0C /* AppDelegate.h */,
				F5FE8BE21E8B532A009DAA0C /* AppDelegate.m */,
				F5FE8BE41E8B532A009DAA0C /* ViewController.h */,
				F5FE8BE51E8B532A009DAA0C /* ViewController.m */,
				F5FE8BE71E8B532A009DAA0C /* Main.storyboard */,
				F5FE8BEA1E8B532A009DAA0C /* Assets.xcassets */,
				F5FE8BEC1E8B532A009DAA0C /* LaunchScreen.storyboard */,
				F5FE8BEF1E8B532A009DAA0C /* Info.plist */,
				F5FE8BDE1E8B532A009DAA0C /* Supporting Files */,
			);
			path = ImageRegulator;
			sourceTree = "<group>";
		};
		F5FE8BDE1E8B532A009DAA0C /* Supporting Files */ = {
			isa = PBXGroup;
			children = (
				F5FE8BDF1E8B532A009DAA0C /* main.m */,
			);
			name = "Supporting Files";
			sourceTree = "<group>";
		};
		F5FE8BF51E8B5426009DAA0C /* ImageRegulator */ = {
			isa = PBXGroup;
			children = (
				F513D9B21E8E5501003C414F /* Controller */,
				F5FE8C081E8BA2A9009DAA0C /* Model */,
				F5FE8BFF1E8B6638009DAA0C /* View */,
			);
			name = ImageRegulator;
			sourceTree = "<group>";
		};
		F5FE8BFF1E8B6638009DAA0C /* View */ = {
			isa = PBXGroup;
			children = (
				F5FE8C001E8B6657009DAA0C /* PhotoAlbumsView.h */,
				F5FE8C011E8B6657009DAA0C /* PhotoAlbumsView.m */,
				F5FE8C031E8B9400009DAA0C /* PhotoAlbumsTableViewCell.h */,
				F5FE8C041E8B9400009DAA0C /* PhotoAlbumsTableViewCell.m */,
				F5FE8C0C1E8BC308009DAA0C /* CameraView.h */,
				F5FE8C0D1E8BC308009DAA0C /* CameraView.m */,
				F513D9B91E8F9F3F003C414F /* FBFootView.h */,
				F513D9BA1E8F9F3F003C414F /* FBFootView.m */,
			);
			name = View;
			sourceTree = "<group>";
		};
		F5FE8C081E8BA2A9009DAA0C /* Model */ = {
			isa = PBXGroup;
			children = (
				F5FE8C091E8BA2C5009DAA0C /* PhotoModel.h */,
				F5FE8C0A1E8BA2C5009DAA0C /* PhotoModel.m */,
			);
			name = Model;
			sourceTree = "<group>";
		};
/* End PBXGroup section */

/* Begin PBXNativeTarget section */
		F5FE8BDA1E8B532A009DAA0C /* ImageRegulator */ = {
			isa = PBXNativeTarget;
			buildConfigurationList = F5FE8BF21E8B532A009DAA0C /* Build configuration list for PBXNativeTarget "ImageRegulator" */;
			buildPhases = (
				F5FE8BD71E8B532A009DAA0C /* Sources */,
				F5FE8BD81E8B532A009DAA0C /* Frameworks */,
				F5FE8BD91E8B532A009DAA0C /* Resources */,
			);
			buildRules = (
			);
			dependencies = (
			);
			name = ImageRegulator;
			productName = ImageRegulator;
			productReference = F5FE8BDB1E8B532A009DAA0C /* ImageRegulator.app */;
			productType = "com.apple.product-type.application";
		};
/* End PBXNativeTarget section */

/* Begin PBXProject section */
		F5FE8BD31E8B532A009DAA0C /* Project object */ = {
			isa = PBXProject;
			attributes = {
				LastUpgradeCheck = 0820;
				ORGANIZATIONNAME = dong;
				TargetAttributes = {
					F5FE8BDA1E8B532A009DAA0C = {
						CreatedOnToolsVersion = 8.2.1;
						ProvisioningStyle = Automatic;
					};
				};
			};
			buildConfigurationList = F5FE8BD61E8B532A009DAA0C /* Build configuration list for PBXProject "ImageRegulator" */;
			compatibilityVersion = "Xcode 3.2";
			developmentRegion = English;
			hasScannedForEncodings = 0;
			knownRegions = (
				en,
				Base,
			);
			mainGroup = F5FE8BD21E8B532A009DAA0C;
			productRefGroup = F5FE8BDC1E8B532A009DAA0C /* Products */;
			projectDirPath = "";
			projectRoot = "";
			targets = (
				F5FE8BDA1E8B532A009DAA0C /* ImageRegulator */,
			);
		};
/* End PBXProject section */

/* Begin PBXResourcesBuildPhase section */
		F5FE8BD91E8B532A009DAA0C /* Resources */ = {
			isa = PBXResourcesBuildPhase;
			buildActionMask = 2147483647;
			files = (
				F5FE8C071E8B9639009DAA0C /* Masonry in Resources */,
				F5FE8BEE1E8B532A009DAA0C /* LaunchScreen.storyboard in Resources */,
				F5FE8BEB1E8B532A009DAA0C /* Assets.xcassets in Resources */,
				F5FE8BE91E8B532A009DAA0C /* Main.storyboard in Resources */,
			);
			runOnlyForDeploymentPostprocessing = 0;
		};
/* End PBXResourcesBuildPhase section */

/* Begin PBXSourcesBuildPhase section */
		F5FE8BD71E8B532A009DAA0C /* Sources */ = {
			isa = PBXSourcesBuildPhase;
			buildActionMask = 2147483647;
			files = (
				F5FE8BF81E8B5459009DAA0C /* ImageRegulatorViewController.m in Sources */,
				F5FE8C021E8B6657009DAA0C /* PhotoAlbumsView.m in Sources */,
				F5FE8C0B1E8BA2C5009DAA0C /* PhotoModel.m in Sources */,
				F513D9B51E8E5526003C414F /* SceneAddViewController.m in Sources */,
				F5FE8C051E8B9400009DAA0C /* PhotoAlbumsTableViewCell.m in Sources */,
				F5FE8BE61E8B532A009DAA0C /* ViewController.m in Sources */,
				F5FE8BE31E8B532A009DAA0C /* AppDelegate.m in Sources */,
				F513D9BE1E8FA4FF003C414F /* UIColor+Extension.m in Sources */,
				F5FE8BE01E8B532A009DAA0C /* main.m in Sources */,
				F5FE8BFE1E8B5BCA009DAA0C /* Helper.m in Sources */,
				F513D9BB1E8F9F3F003C414F /* FBFootView.m in Sources */,
				F5FE8C0E1E8BC308009DAA0C /* CameraView.m in Sources */,
			);
			runOnlyForDeploymentPostprocessing = 0;
		};
/* End PBXSourcesBuildPhase section */

/* Begin PBXVariantGroup section */
		F5FE8BE71E8B532A009DAA0C /* Main.storyboard */ = {
			isa = PBXVariantGroup;
			children = (
				F5FE8BE81E8B532A009DAA0C /* Base */,
			);
			name = Main.storyboard;
			sourceTree = "<group>";
		};
		F5FE8BEC1E8B532A009DAA0C /* LaunchScreen.storyboard */ = {
			isa = PBXVariantGroup;
			children = (
				F5FE8BED1E8B532A009DAA0C /* Base */,
			);
			name = LaunchScreen.storyboard;
			sourceTree = "<group>";
		};
/* End PBXVariantGroup section */

/* Begin XCBuildConfiguration section */
		F5FE8BF01E8B532A009DAA0C /* Debug */ = {
			isa = XCBuildConfiguration;
			buildSettings = {
				ALWAYS_SEARCH_USER_PATHS = NO;
				CLANG_ANALYZER_NONNULL = YES;
				CLANG_CXX_LANGUAGE_STANDARD = "gnu++0x";
				CLANG_CXX_LIBRARY = "libc++";
				CLANG_ENABLE_MODULES = YES;
				CLANG_ENABLE_OBJC_ARC = YES;
				CLANG_WARN_BOOL_CONVERSION = YES;
				CLANG_WARN_CONSTANT_CONVERSION = YES;
				CLANG_WARN_DIRECT_OBJC_ISA_USAGE = YES_ERROR;
				CLANG_WARN_DOCUMENTATION_COMMENTS = YES;
				CLANG_WARN_EMPTY_BODY = YES;
				CLANG_WARN_ENUM_CONVERSION = YES;
				CLANG_WARN_INFINITE_RECURSION = YES;
				CLANG_WARN_INT_CONVERSION = YES;
				CLANG_WARN_OBJC_ROOT_CLASS = YES_ERROR;
				CLANG_WARN_SUSPICIOUS_MOVE = YES;
				CLANG_WARN_UNREACHABLE_CODE = YES;
				CLANG_WARN__DUPLICATE_METHOD_MATCH = YES;
				"CODE_SIGN_IDENTITY[sdk=iphoneos*]" = "iPhone Developer";
				COPY_PHASE_STRIP = NO;
				DEBUG_INFORMATION_FORMAT = dwarf;
				ENABLE_STRICT_OBJC_MSGSEND = YES;
				ENABLE_TESTABILITY = YES;
				GCC_C_LANGUAGE_STANDARD = gnu99;
				GCC_DYNAMIC_NO_PIC = NO;
				GCC_NO_COMMON_BLOCKS = YES;
				GCC_OPTIMIZATION_LEVEL = 0;
				GCC_PREPROCESSOR_DEFINITIONS = (
					"DEBUG=1",
					"$(inherited)",
				);
				GCC_WARN_64_TO_32_BIT_CONVERSION = YES;
				GCC_WARN_ABOUT_RETURN_TYPE = YES_ERROR;
				GCC_WARN_UNDECLARED_SELECTOR = YES;
				GCC_WARN_UNINITIALIZED_AUTOS = YES_AGGRESSIVE;
				GCC_WARN_UNUSED_FUNCTION = YES;
				GCC_WARN_UNUSED_VARIABLE = YES;
				IPHONEOS_DEPLOYMENT_TARGET = 10.2;
				MTL_ENABLE_DEBUG_INFO = YES;
				ONLY_ACTIVE_ARCH = YES;
				SDKROOT = iphoneos;
				TARGETED_DEVICE_FAMILY = "1,2";
			};
			name = Debug;
		};
		F5FE8BF11E8B532A009DAA0C /* Release */ = {
			isa = XCBuildConfiguration;
			buildSettings = {
				ALWAYS_SEARCH_USER_PATHS = NO;
				CLANG_ANALYZER_NONNULL = YES;
				CLANG_CXX_LANGUAGE_STANDARD = "gnu++0x";
				CLANG_CXX_LIBRARY = "libc++";
				CLANG_ENABLE_MODULES = YES;
				CLANG_ENABLE_OBJC_ARC = YES;
				CLANG_WARN_BOOL_CONVERSION = YES;
				CLANG_WARN_CONSTANT_CONVERSION = YES;
				CLANG_WARN_DIRECT_OBJC_ISA_USAGE = YES_ERROR;
				CLANG_WARN_DOCUMENTATION_COMMENTS = YES;
				CLANG_WARN_EMPTY_BODY = YES;
				CLANG_WARN_ENUM_CONVERSION = YES;
				CLANG_WARN_INFINITE_RECURSION = YES;
				CLANG_WARN_INT_CONVERSION = YES;
				CLANG_WARN_OBJC_ROOT_CLASS = YES_ERROR;
				CLANG_WARN_SUSPICIOUS_MOVE = YES;
				CLANG_WARN_UNREACHABLE_CODE = YES;
				CLANG_WARN__DUPLICATE_METHOD_MATCH = YES;
				"CODE_SIGN_IDENTITY[sdk=iphoneos*]" = "iPhone Developer";
				COPY_PHASE_STRIP = NO;
				DEBUG_INFORMATION_FORMAT = "dwarf-with-dsym";
				ENABLE_NS_ASSERTIONS = NO;
				ENABLE_STRICT_OBJC_MSGSEND = YES;
				GCC_C_LANGUAGE_STANDARD = gnu99;
				GCC_NO_COMMON_BLOCKS = YES;
				GCC_WARN_64_TO_32_BIT_CONVERSION = YES;
				GCC_WARN_ABOUT_RETURN_TYPE = YES_ERROR;
				GCC_WARN_UNDECLARED_SELECTOR = YES;
				GCC_WARN_UNINITIALIZED_AUTOS = YES_AGGRESSIVE;
				GCC_WARN_UNUSED_FUNCTION = YES;
				GCC_WARN_UNUSED_VARIABLE = YES;
				IPHONEOS_DEPLOYMENT_TARGET = 10.2;
				MTL_ENABLE_DEBUG_INFO = NO;
				SDKROOT = iphoneos;
				TARGETED_DEVICE_FAMILY = "1,2";
				VALIDATE_PRODUCT = YES;
			};
			name = Release;
		};
		F5FE8BF31E8B532A009DAA0C /* Debug */ = {
			isa = XCBuildConfiguration;
			buildSettings = {
				ASSETCATALOG_COMPILER_APPICON_NAME = AppIcon;
				INFOPLIST_FILE = ImageRegulator/Info.plist;
				LD_RUNPATH_SEARCH_PATHS = "$(inherited) @executable_path/Frameworks";
				PRODUCT_BUNDLE_IDENTIFIER = com.dong.ImageRegulator;
				PRODUCT_NAME = "$(TARGET_NAME)";
			};
			name = Debug;
		};
		F5FE8BF41E8B532A009DAA0C /* Release */ = {
			isa = XCBuildConfiguration;
			buildSettings = {
				ASSETCATALOG_COMPILER_APPICON_NAME = AppIcon;
				INFOPLIST_FILE = ImageRegulator/Info.plist;
				LD_RUNPATH_SEARCH_PATHS = "$(inherited) @executable_path/Frameworks";
				PRODUCT_BUNDLE_IDENTIFIER = com.dong.ImageRegulator;
				PRODUCT_NAME = "$(TARGET_NAME)";
			};
			name = Release;
		};
/* End XCBuildConfiguration section */

/* Begin XCConfigurationList section */
		F5FE8BD61E8B532A009DAA0C /* Build configuration list for PBXProject "ImageRegulator" */ = {
			isa = XCConfigurationList;
			buildConfigurations = (
				F5FE8BF01E8B532A009DAA0C /* Debug */,
				F5FE8BF11E8B532A009DAA0C /* Release */,
			);
			defaultConfigurationIsVisible = 0;
			defaultConfigurationName = Release;
		};
		F5FE8BF21E8B532A009DAA0C /* Build configuration list for PBXNativeTarget "ImageRegulator" */ = {
			isa = XCConfigurationList;
			buildConfigurations = (
				F5FE8BF31E8B532A009DAA0C /* Debug */,
				F5FE8BF41E8B532A009DAA0C /* Release */,
			);
			defaultConfigurationIsVisible = 0;
			defaultConfigurationName = Release;
		};
/* End XCConfigurationList section */
	};
	rootObject = F5FE8BD31E8B532A009DAA0C /* Project object */;
}
